{
  "name": "@nyaf/forms",
  "version": "0.2.11",
  "lockfileVersion": 1,
  "requires": true,
  "dependencies": {
    "@nyaf/lib": {
      "version": "0.2.11",
      "resolved": "https://registry.npmjs.org/@nyaf/lib/-/lib-0.2.11.tgz",
      "integrity": "sha512-HxRqxkAswpkgg5/OVCjyyq2J6a0gMYp29TeMt+GVtpHVQ/D3urAHy5p2thGnLw4U4fHOoj6+Ul5QCGUerVwNJA=="
    },
    "metro4": {
      "version": "4.3.5",
      "resolved": "https://registry.npmjs.org/metro4/-/metro4-4.3.5.tgz",
      "integrity": "sha512-FenI6/XPuyQu4DCYkGKGmKNK7TU4xsJyUIZcBZl0ZpbUEHZ9xCuLQIw30sjhcq2aiNFBL/fixU7kKzKzsCzqpw=="
    }
  }
}
